
Microsoft Visual Studio Solution File, Format Version 12.00
# Visual Studio Version 17
VisualStudioVersion = 17.2.32630.192
MinimumVisualStudioVersion = 10.0.40219.1
Project("{FAE04EC0-301F-11D3-BF4B-00C04F79EFBC}") = "atsemigra", "atsemigra\atsemigra.csproj", "{7EE019CC-9D49-47E3-AD68-7D226BD84E51}"
EndProject
Global
	GlobalSection(SolutionConfigurationPlatforms) = preSolution
		Debug|Any CPU = Debug|Any CPU
		Release|Any CPU = Release|Any CPU
	EndGlobalSection
	GlobalSection(ProjectConfigurationPlatforms) = postSolution
		{7EE019CC-9D49-47E3-AD68-7D226BD84E51}.Debug|Any CPU.ActiveCfg = Debug|Any CPU
		{7EE019CC-9D49-47E3-AD68-7D226BD84E51}.Debug|Any CPU.Build.0 = Debug|Any CPU
		{7EE019CC-9D49-47E3-AD68-7D226BD84E51}.Release|Any CPU.ActiveCfg = Release|Any CPU
		{7EE019CC-9D49-47E3-AD68-7D226BD84E51}.Release|Any CPU.Build.0 = Release|Any CPU
	EndGlobalSection
	GlobalSection(SolutionProperties) = preSolution
		HideSolutionNode = FALSE
	EndGlobalSection
	GlobalSection(ExtensibilityGlobals) = postSolution
		SolutionGuid = {446C07C1-8388-4E19-9DB7-FE07309590F4}
	EndGlobalSection
EndGlobal
